
Microsoft Visual Studio Solution File, Format Version 12.00
Project("{2150E333-8FDC-42A3-9474-1A3956D46DE8}") = "Src", "Src", "{957C574F-D49B-469C-91E7-4ECAFA46C86D}"
EndProject
Project("{2150E333-8FDC-42A3-9474-1A3956D46DE8}") = "tests", "tests", "{90F08C41-C79F-403A-A834-041DFFFC2B9C}"
EndProject
Project("{2150E333-8FDC-42A3-9474-1A3956D46DE8}") = "APIs", "APIs", "{374C6A0A-ABB2-40B0-BC95-2A802F081C6F}"
EndProject
Project("{2150E333-8FDC-42A3-9474-1A3956D46DE8}") = "Common", "Common", "{C39127AF-A709-4BBD-9F81-24F99AB6D251}"
EndProject
Project("{2150E333-8FDC-42A3-9474-1A3956D46DE8}") = "Storage", "Storage", "{8ED32B97-5A65-42F2-B71D-F3E110CBFEAC}"
EndProject
Project("{2150E333-8FDC-42A3-9474-1A3956D46DE8}") = "Consumers", "Consumers", "{A1854F76-52AB-4002-BD54-268A5599E6C5}"
EndProject
Project("{FAE04EC0-301F-11D3-BF4B-00C04F79EFBC}") = "OddsOracle.Storage", "OddsOracle.Storage\OddsOracle.Storage.csproj", "{C17E80B8-816E-4185-B87F-7D314113CDA0}"
EndProject
Project("{FAE04EC0-301F-11D3-BF4B-00C04F79EFBC}") = "OddsOracle.Api", "OddsOracle.Api\OddsOracle.Api.csproj", "{7ACB5CC8-3D3A-4355-9273-0F54F8D7AC89}"
EndProject
Project("{FAE04EC0-301F-11D3-BF4B-00C04F79EFBC}") = "OddsOracle.Common", "OddsOracle.Common\OddsOracle.Common.csproj", "{B98D5570-78D2-46F9-B2D6-33FD96D52833}"
EndProject
Global
	GlobalSection(SolutionConfigurationPlatforms) = preSolution
		Debug|Any CPU = Debug|Any CPU
		Release|Any CPU = Release|Any CPU
	EndGlobalSection
	GlobalSection(NestedProjects) = preSolution
		{374C6A0A-ABB2-40B0-BC95-2A802F081C6F} = {957C574F-D49B-469C-91E7-4ECAFA46C86D}
		{C39127AF-A709-4BBD-9F81-24F99AB6D251} = {957C574F-D49B-469C-91E7-4ECAFA46C86D}
		{8ED32B97-5A65-42F2-B71D-F3E110CBFEAC} = {957C574F-D49B-469C-91E7-4ECAFA46C86D}
		{A1854F76-52AB-4002-BD54-268A5599E6C5} = {957C574F-D49B-469C-91E7-4ECAFA46C86D}
		{C17E80B8-816E-4185-B87F-7D314113CDA0} = {8ED32B97-5A65-42F2-B71D-F3E110CBFEAC}
		{7ACB5CC8-3D3A-4355-9273-0F54F8D7AC89} = {374C6A0A-ABB2-40B0-BC95-2A802F081C6F}
		{B98D5570-78D2-46F9-B2D6-33FD96D52833} = {C39127AF-A709-4BBD-9F81-24F99AB6D251}
	EndGlobalSection
	GlobalSection(ProjectConfigurationPlatforms) = postSolution
		{C17E80B8-816E-4185-B87F-7D314113CDA0}.Debug|Any CPU.ActiveCfg = Debug|Any CPU
		{C17E80B8-816E-4185-B87F-7D314113CDA0}.Debug|Any CPU.Build.0 = Debug|Any CPU
		{C17E80B8-816E-4185-B87F-7D314113CDA0}.Release|Any CPU.ActiveCfg = Release|Any CPU
		{C17E80B8-816E-4185-B87F-7D314113CDA0}.Release|Any CPU.Build.0 = Release|Any CPU
		{7ACB5CC8-3D3A-4355-9273-0F54F8D7AC89}.Debug|Any CPU.ActiveCfg = Debug|Any CPU
		{7ACB5CC8-3D3A-4355-9273-0F54F8D7AC89}.Debug|Any CPU.Build.0 = Debug|Any CPU
		{7ACB5CC8-3D3A-4355-9273-0F54F8D7AC89}.Release|Any CPU.ActiveCfg = Release|Any CPU
		{7ACB5CC8-3D3A-4355-9273-0F54F8D7AC89}.Release|Any CPU.Build.0 = Release|Any CPU
		{B98D5570-78D2-46F9-B2D6-33FD96D52833}.Debug|Any CPU.ActiveCfg = Debug|Any CPU
		{B98D5570-78D2-46F9-B2D6-33FD96D52833}.Debug|Any CPU.Build.0 = Debug|Any CPU
		{B98D5570-78D2-46F9-B2D6-33FD96D52833}.Release|Any CPU.ActiveCfg = Release|Any CPU
		{B98D5570-78D2-46F9-B2D6-33FD96D52833}.Release|Any CPU.Build.0 = Release|Any CPU
	EndGlobalSection
EndGlobal
